
Microsoft Visual Studio Solution File, Format Version 9.00
# Visual Studio 2005
# Clarion 2.1.0.2447
Project("{12B76EC0-1D7B-4FA7-A7D0-C524288B48A1}") = "XmlTest", "XmlTest.cwproj", "{FADC7BF9-E62A-4744-83FF-77656FD74E96}"
EndProject
Global
	GlobalSection(SolutionConfigurationPlatforms) = preSolution
		Debug|Any CPU = Debug|Any CPU
		Release|Any CPU = Release|Any CPU
	EndGlobalSection
	GlobalSection(ProjectConfigurationPlatforms) = postSolution
		{FADC7BF9-E62A-4744-83FF-77656FD74E96}.Debug|Any CPU.Build.0 = Debug|Any CPU
		{FADC7BF9-E62A-4744-83FF-77656FD74E96}.Debug|Any CPU.ActiveCfg = Debug|Any CPU
		{FADC7BF9-E62A-4744-83FF-77656FD74E96}.Release|Any CPU.Build.0 = Release|Any CPU
		{FADC7BF9-E62A-4744-83FF-77656FD74E96}.Release|Any CPU.ActiveCfg = Release|Any CPU
	EndGlobalSection
EndGlobal
